
Microsoft Visual Studio Solution File, Format Version 12.00
# Visual Studio 15
VisualStudioVersion = 15.0.26730.15
MinimumVisualStudioVersion = 10.0.40219.1
Project("{FAE04EC0-301F-11D3-BF4B-00C04F79EFBC}") = "BookingAppStore4.WEB", "BookingAppStore4.WEB\BookingAppStore4.WEB.csproj", "{A6F77B61-EEC9-4796-844A-8E5353B16C17}"
EndProject
Project("{FAE04EC0-301F-11D3-BF4B-00C04F79EFBC}") = "BookingAppStore4.DALNew", "BookingAppStore4.DALNew\BookingAppStore4.DALNew.csproj", "{90339DD0-C2EA-48BC-AA49-9213BD610A00}"
EndProject
Project("{FAE04EC0-301F-11D3-BF4B-00C04F79EFBC}") = "BookingAppStore4.BLL", "BookingAppStore4.BLL\BookingAppStore4.BLL.csproj", "{338EDF62-13E1-4BB1-A6A3-F1E64E3A9AA2}"
EndProject
Project("{FAE04EC0-301F-11D3-BF4B-00C04F79EFBC}") = "BookingAppStore4.ViewModels", "ViewModel\BookingAppStore4.ViewModels.csproj", "{E4C8D345-A37B-483B-9A8C-0EFAF905934A}"
EndProject
Global
	GlobalSection(SolutionConfigurationPlatforms) = preSolution
		Debug|Any CPU = Debug|Any CPU
		Release|Any CPU = Release|Any CPU
	EndGlobalSection
	GlobalSection(ProjectConfigurationPlatforms) = postSolution
		{A6F77B61-EEC9-4796-844A-8E5353B16C17}.Debug|Any CPU.ActiveCfg = Debug|Any CPU
		{A6F77B61-EEC9-4796-844A-8E5353B16C17}.Debug|Any CPU.Build.0 = Debug|Any CPU
		{A6F77B61-EEC9-4796-844A-8E5353B16C17}.Release|Any CPU.ActiveCfg = Release|Any CPU
		{A6F77B61-EEC9-4796-844A-8E5353B16C17}.Release|Any CPU.Build.0 = Release|Any CPU
		{90339DD0-C2EA-48BC-AA49-9213BD610A00}.Debug|Any CPU.ActiveCfg = Debug|Any CPU
		{90339DD0-C2EA-48BC-AA49-9213BD610A00}.Debug|Any CPU.Build.0 = Debug|Any CPU
		{90339DD0-C2EA-48BC-AA49-9213BD610A00}.Release|Any CPU.ActiveCfg = Release|Any CPU
		{90339DD0-C2EA-48BC-AA49-9213BD610A00}.Release|Any CPU.Build.0 = Release|Any CPU
		{338EDF62-13E1-4BB1-A6A3-F1E64E3A9AA2}.Debug|Any CPU.ActiveCfg = Debug|Any CPU
		{338EDF62-13E1-4BB1-A6A3-F1E64E3A9AA2}.Debug|Any CPU.Build.0 = Debug|Any CPU
		{338EDF62-13E1-4BB1-A6A3-F1E64E3A9AA2}.Release|Any CPU.ActiveCfg = Release|Any CPU
		{338EDF62-13E1-4BB1-A6A3-F1E64E3A9AA2}.Release|Any CPU.Build.0 = Release|Any CPU
		{E4C8D345-A37B-483B-9A8C-0EFAF905934A}.Debug|Any CPU.ActiveCfg = Debug|Any CPU
		{E4C8D345-A37B-483B-9A8C-0EFAF905934A}.Debug|Any CPU.Build.0 = Debug|Any CPU
		{E4C8D345-A37B-483B-9A8C-0EFAF905934A}.Release|Any CPU.ActiveCfg = Release|Any CPU
		{E4C8D345-A37B-483B-9A8C-0EFAF905934A}.Release|Any CPU.Build.0 = Release|Any CPU
	EndGlobalSection
	GlobalSection(SolutionProperties) = preSolution
		HideSolutionNode = FALSE
	EndGlobalSection
	GlobalSection(ExtensibilityGlobals) = postSolution
		SolutionGuid = {BB2C51D4-0E92-4F00-A37E-710E6C761657}
	EndGlobalSection
EndGlobal
